# THIS IS AN AUTOGENERATED FILE. DO NOT EDIT THIS FILE DIRECTLY.
# yarn lockfile v1


"@babel/parser@^7.16.4":
  version "7.18.11"
  resolved "https://registry.yarnpkg.com/@babel/parser/-/parser-7.18.11.tgz#68bb07ab3d380affa9a3f96728df07969645d2d9"
  integrity sha512-9JKn5vN+hDt0Hdqn1PiJ2guflwP+B6Ga8qbDuoF0PzzVhrzsKIJo8yGqVk6CmMHiMei9w1C1Bp9IMJSIK+HPIQ==

"@css-render/plugin-bem@^0.15.10":
  version "0.15.11"
  resolved "https://registry.yarnpkg.com/@css-render/plugin-bem/-/plugin-bem-0.15.11.tgz#250b853704af1fbb935b8fcd987839dcc9c95ce2"
  integrity sha512-Bn8qadYPIz5DhZ4obTGHOJzeziQH6kY0+Fk5AEvwuuy378SLwwvXuuoechLjBHcgKkPCM03Oo4dDSGP/6NMdyw==

"@css-render/vue3-ssr@^0.15.10":
  version "0.15.11"
  resolved "https://registry.yarnpkg.com/@css-render/vue3-ssr/-/vue3-ssr-0.15.11.tgz#d6646f69c7bd4b54485a40441ac60102822cd492"
  integrity sha512-n+SuqLPbY30FUTM8slX75OaEG+c8XlTOFrAklekX2XQGvBbz9XdBE6hTEgGlV5kPcTMqTJeCG7Vzhs9/29VC7w==

"@emotion/hash@~0.8.0":
  version "0.8.0"
  resolved "https://registry.yarnpkg.com/@emotion/hash/-/hash-0.8.0.tgz#bbbff68978fefdbe68ccb533bc8cbe1d1afb5413"
  integrity sha512-kBJtf7PH6aWwZ6fka3zQ0p6SBYzx4fl1LoZXE2RrnYST9Xljm7WfKJrU4g/Xr3Beg72MLrp1AWNUmuYJTL7Cow==

"@esbuild/android-arm@0.15.10":
  version "0.15.10"
  resolved "https://registry.yarnpkg.com/@esbuild/android-arm/-/android-arm-0.15.10.tgz#a5f9432eb221afc243c321058ef25fe899886892"
  integrity sha512-FNONeQPy/ox+5NBkcSbYJxoXj9GWu8gVGJTVmUyoOCKQFDTrHVKgNSzChdNt0I8Aj/iKcsDf2r9BFwv+FSNUXg==

"@esbuild/linux-loong64@0.15.10":
  version "0.15.10"
  resolved "https://registry.yarnpkg.com/@esbuild/linux-loong64/-/linux-loong64-0.15.10.tgz#78a42897c2cf8db9fd5f1811f7590393b77774c7"
  integrity sha512-w0Ou3Z83LOYEkwaui2M8VwIp+nLi/NA60lBLMvaJ+vXVMcsARYdEzLNE7RSm4+lSg4zq4d7fAVuzk7PNQ5JFgg==

"@intlify/core-base@9.2.2":
  version "9.2.2"
  resolved "https://registry.yarnpkg.com/@intlify/core-base/-/core-base-9.2.2.tgz#5353369b05cc9fe35cab95fe20afeb8a4481f939"
  integrity sha512-JjUpQtNfn+joMbrXvpR4hTF8iJQ2sEFzzK3KIESOx+f+uwIjgw20igOyaIdhfsVVBCds8ZM64MoeNSx+PHQMkA==
  dependencies:
    "@intlify/devtools-if" "9.2.2"
    "@intlify/message-compiler" "9.2.2"
    "@intlify/shared" "9.2.2"
    "@intlify/vue-devtools" "9.2.2"

"@intlify/devtools-if@9.2.2":
  version "9.2.2"
  resolved "https://registry.yarnpkg.com/@intlify/devtools-if/-/devtools-if-9.2.2.tgz#b13d9ac4b4e2fe6d2e7daa556517a8061fe8bd39"
  integrity sha512-4ttr/FNO29w+kBbU7HZ/U0Lzuh2cRDhP8UlWOtV9ERcjHzuyXVZmjyleESK6eVP60tGC9QtQW9yZE+JeRhDHkg==
  dependencies:
    "@intlify/shared" "9.2.2"

"@intlify/message-compiler@9.2.2":
  version "9.2.2"
  resolved "https://registry.yarnpkg.com/@intlify/message-compiler/-/message-compiler-9.2.2.tgz#e42ab6939b8ae5b3d21faf6a44045667a18bba1c"
  integrity sha512-IUrQW7byAKN2fMBe8z6sK6riG1pue95e5jfokn8hA5Q3Bqy4MBJ5lJAofUsawQJYHeoPJ7svMDyBaVJ4d0GTtA==
  dependencies:
    "@intlify/shared" "9.2.2"
    source-map "0.6.1"

"@intlify/shared@9.2.2":
  version "9.2.2"
  resolved "https://registry.yarnpkg.com/@intlify/shared/-/shared-9.2.2.tgz#5011be9ca2b4ab86f8660739286e2707f9abb4a5"
  integrity sha512-wRwTpsslgZS5HNyM7uDQYZtxnbI12aGiBZURX3BTR9RFIKKRWpllTsgzHWvj3HKm3Y2Sh5LPC1r0PDCKEhVn9Q==

"@intlify/vue-devtools@9.2.2":
  version "9.2.2"
  resolved "https://registry.yarnpkg.com/@intlify/vue-devtools/-/vue-devtools-9.2.2.tgz#b95701556daf7ebb3a2d45aa3ae9e6415aed8317"
  integrity sha512-+dUyqyCHWHb/UcvY1MlIpO87munedm3Gn6E9WWYdWrMuYLcoIoOEVDWSS8xSwtlPU+kA+MEQTP6Q1iI/ocusJg==
  dependencies:
    "@intlify/core-base" "9.2.2"
    "@intlify/shared" "9.2.2"

"@juggle/resize-observer@^3.3.1":
  version "3.4.0"
  resolved "https://registry.yarnpkg.com/@juggle/resize-observer/-/resize-observer-3.4.0.tgz#08d6c5e20cf7e4cc02fd181c4b0c225cd31dbb60"
  integrity sha512-dfLbk+PwWvFzSxwk3n5ySL0hfBog779o8h68wK/7/APo/7cgyWp5jcXockbxdk5kFRkbeXWm4Fbi9FrdN381sA==

"@tauri-apps/api@^1.2.0":
  version "1.2.0"
  resolved "https://registry.npmmirror.com/@tauri-apps/api/-/api-1.2.0.tgz#1f196b3e012971227f41b98214c846430a4eb477"
  integrity sha512-lsI54KI6HGf7VImuf/T9pnoejfgkNoXveP14pVV7XarrQ46rOejIVJLFqHI9sRReJMGdh2YuCoI3cc/yCWCsrw==

"@tauri-apps/cli-darwin-arm64@1.2.1":
  version "1.2.1"
  resolved "https://registry.npmmirror.com/@tauri-apps/cli-darwin-arm64/-/cli-darwin-arm64-1.2.1.tgz#e75d6582f76b6ef33f251f9b559e7692b7892faa"
  integrity sha512-WiAxSON52owFI65Whd3NjcKjXdO1zJfafBVZ3v+Y3F2zlXhRPiirXbtefAc3mvN56zDz/pfi018Qb4XesuVzHA==

"@tauri-apps/cli-darwin-x64@1.2.1":
  version "1.2.1"
  resolved "https://registry.npmmirror.com/@tauri-apps/cli-darwin-x64/-/cli-darwin-x64-1.2.1.tgz#3fefdb0154d7d804ea1b08fad342abec625b36e4"
  integrity sha512-jfumnrn7RYKVtDmHgrQhImoxpqT51bDrO4KxgpIXaYSaf6MdG2JT72dwUovPrURw0JX2Z/Elihq+dYbrsKoV/w==

"@tauri-apps/cli-linux-arm-gnueabihf@1.2.1":
  version "1.2.1"
  resolved "https://registry.npmmirror.com/@tauri-apps/cli-linux-arm-gnueabihf/-/cli-linux-arm-gnueabihf-1.2.1.tgz#6f5f403334b840d0085fec38cca4551c5c6b36a6"
  integrity sha512-n4p6Ekn6Wa9X/klUGevEGgoWAGApGGsLrJYE4c8bKTbAUfQ9Nyzjh8gK/GDii1dg9oRW0FdXDa6BJa7aEEj9sA==

"@tauri-apps/cli-linux-arm64-gnu@1.2.1":
  version "1.2.1"
  resolved "https://registry.npmmirror.com/@tauri-apps/cli-linux-arm64-gnu/-/cli-linux-arm64-gnu-1.2.1.tgz#d1c536d0fe4819029de9132974bdfb6fa08e55a7"
  integrity sha512-oAHkQQGfNCh8pQQHuDzzqt+S5sOj3tiUkySaquR2z/AQEHeDGAMrRGLZwOiDw9Xvu7qxFiF9H0e5OMK7BkncDw==

"@tauri-apps/cli-linux-arm64-musl@1.2.1":
  version "1.2.1"
  resolved "https://registry.npmmirror.com/@tauri-apps/cli-linux-arm64-musl/-/cli-linux-arm64-musl-1.2.1.tgz#22dd054d3ae2a923d5f7d3c7f529f48e7113ec19"
  integrity sha512-1dEZ5fdFYkMyB1U7ZkDJUlwYwCeqy9Y3vXmtZ6pCxrvgs844s8+RIFDuMU42pTN+lUxfFeQARmv0LpS4eF/QWQ==

"@tauri-apps/cli-linux-x64-gnu@1.2.1":
  version "1.2.1"
  resolved "https://registry.npmmirror.com/@tauri-apps/cli-linux-x64-gnu/-/cli-linux-x64-gnu-1.2.1.tgz#bfe23577a46a74699b27714d82162f0ae9280090"
  integrity sha512-wkgCD3s5P6tgBPnn0/gDx7MXMx2Hx+jdA+JP8zdCq4cIeYXlxdZG/zXbHb5ldPadNh582lzHiGg+Pmc+wDg2fA==

"@tauri-apps/cli-linux-x64-musl@1.2.1":
  version "1.2.1"
  resolved "https://registry.npmmirror.com/@tauri-apps/cli-linux-x64-musl/-/cli-linux-x64-musl-1.2.1.tgz#dce7fb0254a1975238bdde5882115b38271ec9b7"
  integrity sha512-zD+a+5cSlYVU0ECOojWp71ok/9jE0DJufzb9oky17XIKV/oiOAG60z4OYRe+oqxYS1TcBt+pUa1/2zlu/6SRdA==

"@tauri-apps/cli-win32-ia32-msvc@1.2.1":
  version "1.2.1"
  resolved "https://registry.npmmirror.com/@tauri-apps/cli-win32-ia32-msvc/-/cli-win32-ia32-msvc-1.2.1.tgz#b6cb355f2d85704710c845800a29784536fb7240"
  integrity sha512-nEgdRd8czaKL1RQfj946dsfzlk6atmD95Fm7NVTVOe77PFHTS3ztHeWK7X6jirCaOF3h/F7qpJVCU6JMnq2tfA==

"@tauri-apps/cli-win32-x64-msvc@1.2.1":
  version "1.2.1"
  resolved "https://registry.npmmirror.com/@tauri-apps/cli-win32-x64-msvc/-/cli-win32-x64-msvc-1.2.1.tgz#b2b431ffed68fab9024d59ac2a2bafb02c5b9a5a"
  integrity sha512-ceWiQkmNNRrnfgbLMnndT4QF1IyLK7aOJsMqS/HueshAwmVQWnC1DUE0C58Taetgq38Cavc4gGnZOCHuH6ZuTw==

"@tauri-apps/cli@^1.2.1":
  version "1.2.1"
  resolved "https://registry.npmmirror.com/@tauri-apps/cli/-/cli-1.2.1.tgz#d7f61547915a8b052a92197ac70b8322838c6d2d"
  integrity sha512-JrFFT1/4V+AGSRjKdgszZwOr+/a1519LDhNxBkbsIg6D/kFK+3kk1qImaQBY9DvvIWK6IV4whc8OAkgxm+Sl3w==
  optionalDependencies:
    "@tauri-apps/cli-darwin-arm64" "1.2.1"
    "@tauri-apps/cli-darwin-x64" "1.2.1"
    "@tauri-apps/cli-linux-arm-gnueabihf" "1.2.1"
    "@tauri-apps/cli-linux-arm64-gnu" "1.2.1"
    "@tauri-apps/cli-linux-arm64-musl" "1.2.1"
    "@tauri-apps/cli-linux-x64-gnu" "1.2.1"
    "@tauri-apps/cli-linux-x64-musl" "1.2.1"
    "@tauri-apps/cli-win32-ia32-msvc" "1.2.1"
    "@tauri-apps/cli-win32-x64-msvc" "1.2.1"

"@types/katex@^0.14.0":
  version "0.14.0"
  resolved "https://registry.npmmirror.com/@types/katex/-/katex-0.14.0.tgz#b84c0afc3218069a5ad64fe2a95321881021b5fe"
  integrity sha512-+2FW2CcT0K3P+JMR8YG846bmDwplKUTsWgT2ENwdQ1UdVfRk3GQrh6Mi4sTopy30gI8Uau5CEqHTDZ6YvWIUPA==

"@types/lodash-es@^4.17.6":
  version "4.17.6"
  resolved "https://registry.yarnpkg.com/@types/lodash-es/-/lodash-es-4.17.6.tgz#c2ed4c8320ffa6f11b43eb89e9eaeec65966a0a0"
  integrity sha512-R+zTeVUKDdfoRxpAryaQNRKk3105Rrgx2CFRClIgRGaqDTdjsm8h6IYA8ir584W3ePzkZfst5xIgDwYrlh9HLg==
  dependencies:
    "@types/lodash" "*"

"@types/lodash@*", "@types/lodash@^4.14.181":
  version "4.14.184"
  resolved "https://registry.yarnpkg.com/@types/lodash/-/lodash-4.14.184.tgz#23f96cd2a21a28e106dc24d825d4aa966de7a9fe"
  integrity sha512-RoZphVtHbxPZizt4IcILciSWiC6dcn+eZ8oX9IWEYfDMcocdd42f7NPI6fQj+6zI8y4E0L7gu2pcZKLGTRaV9Q==

"@types/node@18.11.10":
  version "18.11.10"
  resolved "https://registry.npmmirror.com/@types/node/-/node-18.11.10.tgz#4c64759f3c2343b7e6c4b9caf761c7a3a05cee34"
  integrity sha512-juG3RWMBOqcOuXC643OAdSA525V44cVgGV6dUDuiFtss+8Fk5x1hI93Rsld43VeJVIeqlP9I7Fn9/qaVqoEAuQ==

"@types/node@~17.0.5":
  version "17.0.45"
  resolved "https://registry.yarnpkg.com/@types/node/-/node-17.0.45.tgz#2c0fafd78705e7a18b7906b5201a522719dc5190"
  integrity sha512-w+tIMs3rq2afQdsPJlODhoUEKzFP1ayaoyl1CcnwtIlsVe7K7bA1NGm4s3PraqTLlXnbIN84zuBlxBWo1u9BLw==

"@vicons/ionicons5@^0.12.0":
  version "0.12.0"
  resolved "https://registry.yarnpkg.com/@vicons/ionicons5/-/ionicons5-0.12.0.tgz#c39fda04420dfae3b58053faf8aaf3555253299d"
  integrity sha512-Iy1EUVRpX0WWxeu1VIReR1zsZLMc4fqpt223czR+Rpnrwu7pt46nbnC2ycO7ItI/uqDLJxnbcMC7FujKs9IfFA==

"@vitejs/plugin-vue@^3.2.0":
  version "3.2.0"
  resolved "https://registry.npmmirror.com/@vitejs/plugin-vue/-/plugin-vue-3.2.0.tgz#a1484089dd85d6528f435743f84cdd0d215bbb54"
  integrity sha512-E0tnaL4fr+qkdCNxJ+Xd0yM31UwMkQje76fsDVBBUCoGOUPexu2VDUYHL8P4CwV+zMvWw6nlRw19OnRKmYAJpw==

"@volar/language-core@1.0.11":
  version "1.0.11"
  resolved "https://registry.npmmirror.com/@volar/language-core/-/language-core-1.0.11.tgz#14c17add91483f0a39a5ee3207a615bdc71c9db4"
  integrity sha512-YwUYKxIyDc+Fq3kQ6BGGfkrKCG5JzE2Yr6vMxrxEXW2rg/gsq3JgMk/4sI8ybRsaTirhCB4V8+AIVYsvcRxgig==
  dependencies:
    "@volar/source-map" "1.0.11"
    "@vue/reactivity" "^3.2.45"
    muggle-string "^0.1.0"

"@volar/source-map@1.0.11":
  version "1.0.11"
  resolved "https://registry.npmmirror.com/@volar/source-map/-/source-map-1.0.11.tgz#8db897b382ce13afde012ced2d9ca2acb85efe3a"
  integrity sha512-tkuV9MD+OuiZfHA0qZXrPdW6F7TvnpnuTan6Qe7UGUs9+sflezlMJdjaYdGgQObfP+06pcT1E3xdkOoi08ZyyQ==
  dependencies:
    muggle-string "^0.1.0"

"@volar/typescript@1.0.11":
  version "1.0.11"
  resolved "https://registry.npmmirror.com/@volar/typescript/-/typescript-1.0.11.tgz#e127e5598f9bc7e39cf69c8dd6e2f43070a3fd72"
  integrity sha512-mq7wDDAs0Eb43jev2FxbowuiwWqvL3kb+tar1we8VQbdabpyQ5dmbWPwo/IglevMmW3SKo1Et+6rqAeZpXNnPQ==
  dependencies:
    "@volar/language-core" "1.0.11"

"@volar/vue-language-core@1.0.11":
  version "1.0.11"
  resolved "https://registry.npmmirror.com/@volar/vue-language-core/-/vue-language-core-1.0.11.tgz#e185b0d4e6bd1de8e350dfc396639034c5c02bff"
  integrity sha512-A3ODs0/ua7BcpSSnE7KtO8bzWsYsbOJRyW2Q/2uktxlfHj8srln3JdgK/mNlIgfnWtACbE5K+EfMJOgJKv864A==
  dependencies:
    "@volar/language-core" "1.0.11"
    "@volar/source-map" "1.0.11"
    "@vue/compiler-dom" "^3.2.45"
    "@vue/compiler-sfc" "^3.2.45"
    "@vue/reactivity" "^3.2.45"
    "@vue/shared" "^3.2.45"
    minimatch "^5.1.0"
    vue-template-compiler "^2.7.14"

"@volar/vue-typescript@1.0.11":
  version "1.0.11"
  resolved "https://registry.npmmirror.com/@volar/vue-typescript/-/vue-typescript-1.0.11.tgz#5cbc021854186f1c3cdfc6305d4c3870df28c5a2"
  integrity sha512-jlnFPvBcTyPiAbGlgjhKK7fp3Q+Z7Z5eU1NTbTSS0lQC8Gog3sh2UxLAFG5Voe1gHIxasoOEPXzMR0CWF4bKbA==
  dependencies:
    "@volar/typescript" "1.0.11"
    "@volar/vue-language-core" "1.0.11"

"@vue/compiler-core@3.2.45":
  version "3.2.45"
  resolved "https://registry.npmmirror.com/@vue/compiler-core/-/compiler-core-3.2.45.tgz#d9311207d96f6ebd5f4660be129fb99f01ddb41b"
  integrity sha512-rcMj7H+PYe5wBV3iYeUgbCglC+pbpN8hBLTJvRiK2eKQiWqu+fG9F+8sW99JdL4LQi7Re178UOxn09puSXvn4A==
  dependencies:
    "@babel/parser" "^7.16.4"
    "@vue/shared" "3.2.45"
    estree-walker "^2.0.2"
    source-map "^0.6.1"

"@vue/compiler-dom@3.2.45", "@vue/compiler-dom@^3.2.45":
  version "3.2.45"
  resolved "https://registry.npmmirror.com/@vue/compiler-dom/-/compiler-dom-3.2.45.tgz#c43cc15e50da62ecc16a42f2622d25dc5fd97dce"
  integrity sha512-tyYeUEuKqqZO137WrZkpwfPCdiiIeXYCcJ8L4gWz9vqaxzIQRccTSwSWZ/Axx5YR2z+LvpUbmPNXxuBU45lyRw==
  dependencies:
    "@vue/compiler-core" "3.2.45"
    "@vue/shared" "3.2.45"

"@vue/compiler-sfc@3.2.45", "@vue/compiler-sfc@^3.2.45":
  version "3.2.45"
  resolved "https://registry.npmmirror.com/@vue/compiler-sfc/-/compiler-sfc-3.2.45.tgz#7f7989cc04ec9e7c55acd406827a2c4e96872c70"
  integrity sha512-1jXDuWah1ggsnSAOGsec8cFjT/K6TMZ0sPL3o3d84Ft2AYZi2jWJgRMjw4iaK0rBfA89L5gw427H4n1RZQBu6Q==
  dependencies:
    "@babel/parser" "^7.16.4"
    "@vue/compiler-core" "3.2.45"
    "@vue/compiler-dom" "3.2.45"
    "@vue/compiler-ssr" "3.2.45"
    "@vue/reactivity-transform" "3.2.45"
    "@vue/shared" "3.2.45"
    estree-walker "^2.0.2"
    magic-string "^0.25.7"
    postcss "^8.1.10"
    source-map "^0.6.1"

"@vue/compiler-ssr@3.2.45":
  version "3.2.45"
  resolved "https://registry.npmmirror.com/@vue/compiler-ssr/-/compiler-ssr-3.2.45.tgz#bd20604b6e64ea15344d5b6278c4141191c983b2"
  integrity sha512-6BRaggEGqhWht3lt24CrIbQSRD5O07MTmd+LjAn5fJj568+R9eUD2F7wMQJjX859seSlrYog7sUtrZSd7feqrQ==
  dependencies:
    "@vue/compiler-dom" "3.2.45"
    "@vue/shared" "3.2.45"

"@vue/devtools-api@^6.2.1":
  version "6.2.1"
  resolved "https://registry.yarnpkg.com/@vue/devtools-api/-/devtools-api-6.2.1.tgz#6f2948ff002ec46df01420dfeff91de16c5b4092"
  integrity sha512-OEgAMeQXvCoJ+1x8WyQuVZzFo0wcyCmUR3baRVLmKBo1LmYZWMlRiXlux5jd0fqVJu6PfDbOrZItVqUEzLobeQ==

"@vue/devtools-api@^6.4.5":
  version "6.4.5"
  resolved "https://registry.npmmirror.com/@vue/devtools-api/-/devtools-api-6.4.5.tgz#d54e844c1adbb1e677c81c665ecef1a2b4bb8380"
  integrity sha512-JD5fcdIuFxU4fQyXUu3w2KpAJHzTVdN+p4iOX2lMWSHMOoQdMAcpFLZzm9Z/2nmsoZ1a96QEhZ26e50xLBsgOQ==

"@vue/reactivity-transform@3.2.45":
  version "3.2.45"
  resolved "https://registry.npmmirror.com/@vue/reactivity-transform/-/reactivity-transform-3.2.45.tgz#07ac83b8138550c83dfb50db43cde1e0e5e8124d"
  integrity sha512-BHVmzYAvM7vcU5WmuYqXpwaBHjsS8T63jlKGWVtHxAHIoMIlmaMyurUSEs1Zcg46M4AYT5MtB1U274/2aNzjJQ==
  dependencies:
    "@babel/parser" "^7.16.4"
    "@vue/compiler-core" "3.2.45"
    "@vue/shared" "3.2.45"
    estree-walker "^2.0.2"
    magic-string "^0.25.7"

"@vue/reactivity@3.2.45", "@vue/reactivity@^3.2.45":
  version "3.2.45"
  resolved "https://registry.npmmirror.com/@vue/reactivity/-/reactivity-3.2.45.tgz#412a45b574de601be5a4a5d9a8cbd4dee4662ff0"
  integrity sha512-PRvhCcQcyEVohW0P8iQ7HDcIOXRjZfAsOds3N99X/Dzewy8TVhTCT4uXpAHfoKjVTJRA0O0K+6QNkDIZAxNi3A==
  dependencies:
    "@vue/shared" "3.2.45"

"@vue/runtime-core@3.2.45":
  version "3.2.45"
  resolved "https://registry.npmmirror.com/@vue/runtime-core/-/runtime-core-3.2.45.tgz#7ad7ef9b2519d41062a30c6fa001ec43ac549c7f"
  integrity sha512-gzJiTA3f74cgARptqzYswmoQx0fIA+gGYBfokYVhF8YSXjWTUA2SngRzZRku2HbGbjzB6LBYSbKGIaK8IW+s0A==
  dependencies:
    "@vue/reactivity" "3.2.45"
    "@vue/shared" "3.2.45"

"@vue/runtime-dom@3.2.45":
  version "3.2.45"
  resolved "https://registry.npmmirror.com/@vue/runtime-dom/-/runtime-dom-3.2.45.tgz#1a2ef6ee2ad876206fbbe2a884554bba2d0faf59"
  integrity sha512-cy88YpfP5Ue2bDBbj75Cb4bIEZUMM/mAkDMfqDTpUYVgTf/kuQ2VQ8LebuZ8k6EudgH8pYhsGWHlY0lcxlvTwA==
  dependencies:
    "@vue/runtime-core" "3.2.45"
    "@vue/shared" "3.2.45"
    csstype "^2.6.8"

"@vue/server-renderer@3.2.45":
  version "3.2.45"
  resolved "https://registry.npmmirror.com/@vue/server-renderer/-/server-renderer-3.2.45.tgz#ca9306a0c12b0530a1a250e44f4a0abac6b81f3f"
  integrity sha512-ebiMq7q24WBU1D6uhPK//2OTR1iRIyxjF5iVq/1a5I1SDMDyDu4Ts6fJaMnjrvD3MqnaiFkKQj+LKAgz5WIK3g==
  dependencies:
    "@vue/compiler-ssr" "3.2.45"
    "@vue/shared" "3.2.45"

"@vue/shared@3.2.45", "@vue/shared@^3.2.45":
  version "3.2.45"
  resolved "https://registry.npmmirror.com/@vue/shared/-/shared-3.2.45.tgz#a3fffa7489eafff38d984e23d0236e230c818bc2"
  integrity sha512-Ewzq5Yhimg7pSztDV+RH1UDKBzmtqieXQlpTVm2AwraoRL/Rks96mvd8Vgi7Lj+h+TH8dv7mXD3FRZR3TUvbSg==

async-validator@^4.0.7:
  version "4.2.5"
  resolved "https://registry.yarnpkg.com/async-validator/-/async-validator-4.2.5.tgz#c96ea3332a521699d0afaaceed510a54656c6339"
  integrity sha512-7HhHjtERjqlNbZtqNqy2rckN/SpOOlmDliet+lP7k+eKZEjPk3DgyeU9lIXLdeLz0uBbbVp+9Qdow9wJWgwwfg==

balanced-match@^1.0.0:
  version "1.0.2"
  resolved "https://registry.yarnpkg.com/balanced-match/-/balanced-match-1.0.2.tgz#e83e3a7e3f300b34cb9d87f615fa0cbf357690ee"
  integrity sha512-3oSeUO0TMV67hN1AmbXsK4yaqU7tjiHlbxRDZOpH0KW9+CeX4bRAaX0Anxt0tx2MrpRpWwQaPwIlISEJhYU5Pw==

brace-expansion@^2.0.1:
  version "2.0.1"
  resolved "https://registry.yarnpkg.com/brace-expansion/-/brace-expansion-2.0.1.tgz#1edc459e0f0c548486ecf9fc99f2221364b9a0ae"
  integrity sha512-XnAIvQ8eM+kC6aULx6wuQiwVsnzsi9d3WxzV3FpWTGA19F621kwdbsAcFKXgKUHZWsy+mY6iL1sHTxWEFCytDA==
  dependencies:
    balanced-match "^1.0.0"

clipboard@^2.0.6:
  version "2.0.11"
  resolved "https://registry.yarnpkg.com/clipboard/-/clipboard-2.0.11.tgz#62180360b97dd668b6b3a84ec226975762a70be5"
  integrity sha512-C+0bbOqkezLIsmWSvlsXS0Q0bmkugu7jcfMIACB+RDEntIzQIkdr148we28AfSloQLRdZlYL/QYyrq05j/3Faw==
  dependencies:
    good-listener "^1.2.2"
    select "^1.1.2"
    tiny-emitter "^2.0.0"

css-render@^0.15.10:
  version "0.15.11"
  resolved "https://registry.yarnpkg.com/css-render/-/css-render-0.15.11.tgz#52a77cd8335394485be2417675121c2efe954bb5"
  integrity sha512-hnLrHPUndVUTF5nmNPRey6hpixK02IPUGdEsm2xRjvJuewToyrVFx9Nmai8rgfVzhTFo5SJVh2PHAtzaIV8JKw==
  dependencies:
    "@emotion/hash" "~0.8.0"
    "@types/node" "~17.0.5"
    csstype "~3.0.5"

csstype@^2.6.8:
  version "2.6.20"
  resolved "https://registry.yarnpkg.com/csstype/-/csstype-2.6.20.tgz#9229c65ea0b260cf4d3d997cb06288e36a8d6dda"
  integrity sha512-/WwNkdXfckNgw6S5R125rrW8ez139lBHWouiBvX8dfMFtcn6V81REDqnH7+CRpRipfYlyU1CmOnOxrmGcFOjeA==

csstype@~3.0.5:
  version "3.0.11"
  resolved "https://registry.yarnpkg.com/csstype/-/csstype-3.0.11.tgz#d66700c5eacfac1940deb4e3ee5642792d85cd33"
  integrity sha512-sa6P2wJ+CAbgyy4KFssIb/JNMLxFvKF1pCYCSXS8ZMuqZnMsrxqI2E5sPyoTpxoPU/gVZMzr2zjOfg8GIZOMsw==

date-fns-tz@^1.3.3:
  version "1.3.6"
  resolved "https://registry.yarnpkg.com/date-fns-tz/-/date-fns-tz-1.3.6.tgz#4195a58a2f86eda55ea69fb477f3ed8a6e2188ac"
  integrity sha512-C8q7mErvG4INw1ZwAFmPlGjEo5Sv4udjKVbTc03zpP9cu6cp5AemFzKhz0V68LGcWEtX5mJudzzg3G04emIxLA==

date-fns@^2.28.0:
  version "2.29.2"
  resolved "https://registry.yarnpkg.com/date-fns/-/date-fns-2.29.2.tgz#0d4b3d0f3dff0f920820a070920f0d9662c51931"
  integrity sha512-0VNbwmWJDS/G3ySwFSJA3ayhbURMTJLtwM2DTxf9CWondCnh6DTNlO9JgRSq6ibf4eD0lfMJNBxUdEAHHix+bA==

de-indent@^1.0.2:
  version "1.0.2"
  resolved "https://registry.yarnpkg.com/de-indent/-/de-indent-1.0.2.tgz#b2038e846dc33baa5796128d0804b455b8c1e21d"
  integrity sha512-e/1zu3xH5MQryN2zdVaF0OrdNLUbvWxzMbi+iNA6Bky7l1RoP8a2fIbRocyHclXt/arDrrR6lL3TqFD9pMQTsg==

delegate@^3.1.2:
  version "3.2.0"
  resolved "https://registry.yarnpkg.com/delegate/-/delegate-3.2.0.tgz#b66b71c3158522e8ab5744f720d8ca0c2af59166"
  integrity sha512-IofjkYBZaZivn0V8nnsMJGBr4jVLxHDheKSW88PyxS5QC4Vo9ZbZVvhzlSxY87fVq3STR6r+4cGepyHkcWOQSw==

esbuild-android-64@0.15.10:
  version "0.15.10"
  resolved "https://registry.yarnpkg.com/esbuild-android-64/-/esbuild-android-64-0.15.10.tgz#8a59a84acbf2eca96996cadc35642cf055c494f0"
  integrity sha512-UI7krF8OYO1N7JYTgLT9ML5j4+45ra3amLZKx7LO3lmLt1Ibn8t3aZbX5Pu4BjWiqDuJ3m/hsvhPhK/5Y/YpnA==

esbuild-android-arm64@0.15.10:
  version "0.15.10"
  resolved "https://registry.yarnpkg.com/esbuild-android-arm64/-/esbuild-android-arm64-0.15.10.tgz#f453851dc1d8c5409a38cf7613a33852faf4915d"
  integrity sha512-EOt55D6xBk5O05AK8brXUbZmoFj4chM8u3riGflLa6ziEoVvNjRdD7Cnp82NHQGfSHgYR06XsPI8/sMuA/cUwg==

esbuild-darwin-64@0.15.10:
  version "0.15.10"
  resolved "https://registry.yarnpkg.com/esbuild-darwin-64/-/esbuild-darwin-64-0.15.10.tgz#778bd29c8186ff47b176c8af58c08cf0fb8e6b86"
  integrity sha512-hbDJugTicqIm+WKZgp208d7FcXcaK8j2c0l+fqSJ3d2AzQAfjEYDRM3Z2oMeqSJ9uFxyj/muSACLdix7oTstRA==

esbuild-darwin-arm64@0.15.10:
  version "0.15.10"
  resolved "https://registry.yarnpkg.com/esbuild-darwin-arm64/-/esbuild-darwin-arm64-0.15.10.tgz#b30bbefb46dc3c5d4708b0435e52f6456578d6df"
  integrity sha512-M1t5+Kj4IgSbYmunf2BB6EKLkWUq+XlqaFRiGOk8bmBapu9bCDrxjf4kUnWn59Dka3I27EiuHBKd1rSO4osLFQ==

esbuild-freebsd-64@0.15.10:
  version "0.15.10"
  resolved "https://registry.yarnpkg.com/esbuild-freebsd-64/-/esbuild-freebsd-64-0.15.10.tgz#ab301c5f6ded5110dbdd611140bef1a7c2e99236"
  integrity sha512-KMBFMa7C8oc97nqDdoZwtDBX7gfpolkk6Bcmj6YFMrtCMVgoU/x2DI1p74DmYl7CSS6Ppa3xgemrLrr5IjIn0w==

esbuild-freebsd-arm64@0.15.10:
  version "0.15.10"
  resolved "https://registry.yarnpkg.com/esbuild-freebsd-arm64/-/esbuild-freebsd-arm64-0.15.10.tgz#a5b09b867a6ff49110f52343b6f12265db63d43f"
  integrity sha512-m2KNbuCX13yQqLlbSojFMHpewbn8wW5uDS6DxRpmaZKzyq8Dbsku6hHvh2U+BcLwWY4mpgXzFUoENEf7IcioGg==

esbuild-linux-32@0.15.10:
  version "0.15.10"
  resolved "https://registry.yarnpkg.com/esbuild-linux-32/-/esbuild-linux-32-0.15.10.tgz#5282fe9915641caf9c8070e4ba2c3e16d358f837"
  integrity sha512-guXrwSYFAvNkuQ39FNeV4sNkNms1bLlA5vF1H0cazZBOLdLFIny6BhT+TUbK/hdByMQhtWQ5jI9VAmPKbVPu1w==

esbuild-linux-64@0.15.10:
  version "0.15.10"
  resolved "https://registry.yarnpkg.com/esbuild-linux-64/-/esbuild-linux-64-0.15.10.tgz#f3726e85a00149580cb19f8abfabcbb96f5d52bb"
  integrity sha512-jd8XfaSJeucMpD63YNMO1JCrdJhckHWcMv6O233bL4l6ogQKQOxBYSRP/XLWP+6kVTu0obXovuckJDcA0DKtQA==

esbuild-linux-arm64@0.15.10:
  version "0.15.10"
  resolved "https://registry.yarnpkg.com/esbuild-linux-arm64/-/esbuild-linux-arm64-0.15.10.tgz#2f0056e9d5286edb0185b56655caa8c574d8dbe7"
  integrity sha512-GByBi4fgkvZFTHFDYNftu1DQ1GzR23jws0oWyCfhnI7eMOe+wgwWrc78dbNk709Ivdr/evefm2PJiUBMiusS1A==

esbuild-linux-arm@0.15.10:
  version "0.15.10"
  resolved "https://registry.yarnpkg.com/esbuild-linux-arm/-/esbuild-linux-arm-0.15.10.tgz#40a9270da3c8ffa32cf72e24a79883e323dff08d"
  integrity sha512-6N8vThLL/Lysy9y4Ex8XoLQAlbZKUyExCWyayGi2KgTBelKpPgj6RZnUaKri0dHNPGgReJriKVU6+KDGQwn10A==

esbuild-linux-mips64le@0.15.10:
  version "0.15.10"
  resolved "https://registry.yarnpkg.com/esbuild-linux-mips64le/-/esbuild-linux-mips64le-0.15.10.tgz#90ce1c4ee0202edb4ac69807dea77f7e5804abc4"
  integrity sha512-BxP+LbaGVGIdQNJUNF7qpYjEGWb0YyHVSKqYKrn+pTwH/SiHUxFyJYSP3pqkku61olQiSBnSmWZ+YUpj78Tw7Q==

esbuild-linux-ppc64le@0.15.10:
  version "0.15.10"
  resolved "https://registry.yarnpkg.com/esbuild-linux-ppc64le/-/esbuild-linux-ppc64le-0.15.10.tgz#782837ae7bd5b279178106c9dd801755a21fabdf"
  integrity sha512-LoSQCd6498PmninNgqd/BR7z3Bsk/mabImBWuQ4wQgmQEeanzWd5BQU2aNi9mBURCLgyheuZS6Xhrw5luw3OkQ==

esbuild-linux-riscv64@0.15.10:
  version "0.15.10"
  resolved "https://registry.yarnpkg.com/esbuild-linux-riscv64/-/esbuild-linux-riscv64-0.15.10.tgz#d7420d806ece5174f24f4634303146f915ab4207"
  integrity sha512-Lrl9Cr2YROvPV4wmZ1/g48httE8z/5SCiXIyebiB5N8VT7pX3t6meI7TQVHw/wQpqP/AF4SksDuFImPTM7Z32Q==

esbuild-linux-s390x@0.15.10:
  version "0.15.10"
  resolved "https://registry.yarnpkg.com/esbuild-linux-s390x/-/esbuild-linux-s390x-0.15.10.tgz#21fdf0cb3494a7fb520a71934e4dffce67fe47be"
  integrity sha512-ReP+6q3eLVVP2lpRrvl5EodKX7EZ1bS1/z5j6hsluAlZP5aHhk6ghT6Cq3IANvvDdscMMCB4QEbI+AjtvoOFpA==

esbuild-netbsd-64@0.15.10:
  version "0.15.10"
  resolved "https://registry.yarnpkg.com/esbuild-netbsd-64/-/esbuild-netbsd-64-0.15.10.tgz#6c06b3107e3df53de381e6299184d4597db0440f"
  integrity sha512-iGDYtJCMCqldMskQ4eIV+QSS/CuT7xyy9i2/FjpKvxAuCzrESZXiA1L64YNj6/afuzfBe9i8m/uDkFHy257hTw==

esbuild-openbsd-64@0.15.10:
  version "0.15.10"
  resolved "https://registry.yarnpkg.com/esbuild-openbsd-64/-/esbuild-openbsd-64-0.15.10.tgz#4daef5f5d8e74bbda53b65160029445d582570cf"
  integrity sha512-ftMMIwHWrnrYnvuJQRJs/Smlcb28F9ICGde/P3FUTCgDDM0N7WA0o9uOR38f5Xe2/OhNCgkjNeb7QeaE3cyWkQ==

esbuild-sunos-64@0.15.10:
  version "0.15.10"
  resolved "https://registry.yarnpkg.com/esbuild-sunos-64/-/esbuild-sunos-64-0.15.10.tgz#5fe7bef267a02f322fd249a8214d0274937388a7"
  integrity sha512-mf7hBL9Uo2gcy2r3rUFMjVpTaGpFJJE5QTDDqUFf1632FxteYANffDZmKbqX0PfeQ2XjUDE604IcE7OJeoHiyg==

esbuild-windows-32@0.15.10:
  version "0.15.10"
  resolved "https://registry.yarnpkg.com/esbuild-windows-32/-/esbuild-windows-32-0.15.10.tgz#48e3dde25ab0135579a288b30ab6ddef6d1f0b28"
  integrity sha512-ttFVo+Cg8b5+qHmZHbEc8Vl17kCleHhLzgT8X04y8zudEApo0PxPg9Mz8Z2cKH1bCYlve1XL8LkyXGFjtUYeGg==

esbuild-windows-64@0.15.10:
  version "0.15.10"
  resolved "https://registry.yarnpkg.com/esbuild-windows-64/-/esbuild-windows-64-0.15.10.tgz#387a9515bef3fee502d277a5d0a2db49a4ecda05"
  integrity sha512-2H0gdsyHi5x+8lbng3hLbxDWR7mKHWh5BXZGKVG830KUmXOOWFE2YKJ4tHRkejRduOGDrBvHBriYsGtmTv3ntA==

esbuild-windows-arm64@0.15.10:
  version "0.15.10"
  resolved "https://registry.yarnpkg.com/esbuild-windows-arm64/-/esbuild-windows-arm64-0.15.10.tgz#5a6fcf2fa49e895949bf5495cf088ab1b43ae879"
  integrity sha512-S+th4F+F8VLsHLR0zrUcG+Et4hx0RKgK1eyHc08kztmLOES8BWwMiaGdoW9hiXuzznXQ0I/Fg904MNbr11Nktw==

esbuild@^0.15.9:
  version "0.15.10"
  resolved "https://registry.yarnpkg.com/esbuild/-/esbuild-0.15.10.tgz#85c2f8446e9b1fe04fae68daceacba033eedbd42"
  integrity sha512-N7wBhfJ/E5fzn/SpNgX+oW2RLRjwaL8Y0ezqNqhjD6w0H2p0rDuEz2FKZqpqLnO8DCaWumKe8dsC/ljvVSSxng==
  optionalDependencies:
    "@esbuild/android-arm" "0.15.10"
    "@esbuild/linux-loong64" "0.15.10"
    esbuild-android-64 "0.15.10"
    esbuild-android-arm64 "0.15.10"
    esbuild-darwin-64 "0.15.10"
    esbuild-darwin-arm64 "0.15.10"
    esbuild-freebsd-64 "0.15.10"
    esbuild-freebsd-arm64 "0.15.10"
    esbuild-linux-32 "0.15.10"
    esbuild-linux-64 "0.15.10"
    esbuild-linux-arm "0.15.10"
    esbuild-linux-arm64 "0.15.10"
    esbuild-linux-mips64le "0.15.10"
    esbuild-linux-ppc64le "0.15.10"
    esbuild-linux-riscv64 "0.15.10"
    esbuild-linux-s390x "0.15.10"
    esbuild-netbsd-64 "0.15.10"
    esbuild-openbsd-64 "0.15.10"
    esbuild-sunos-64 "0.15.10"
    esbuild-windows-32 "0.15.10"
    esbuild-windows-64 "0.15.10"
    esbuild-windows-arm64 "0.15.10"

estree-walker@^2.0.2:
  version "2.0.2"
  resolved "https://registry.yarnpkg.com/estree-walker/-/estree-walker-2.0.2.tgz#52f010178c2a4c117a7757cfe942adb7d2da4cac"
  integrity sha512-Rfkk/Mp/DL7JVje3u18FxFujQlTNR2q6QfMSMB7AvCBx91NGj/ba3kCfza0f6dVDbw7YlRf/nDrn7pQrCCyQ/w==

evtd@^0.2.2, evtd@^0.2.4:
  version "0.2.4"
  resolved "https://registry.yarnpkg.com/evtd/-/evtd-0.2.4.tgz#0aac39ba44d6926e6668948ac27618e0795b9d07"
  integrity sha512-qaeGN5bx63s/AXgQo8gj6fBkxge+OoLddLniox5qtLAEY5HSnuSlISXVPxnSae1dWblvTh4/HoMIB+mbMsvZzw==

fsevents@~2.3.2:
  version "2.3.2"
  resolved "https://registry.yarnpkg.com/fsevents/-/fsevents-2.3.2.tgz#8a526f78b8fdf4623b709e0b975c52c24c02fd1a"
  integrity sha512-xiqMQR4xAeHTuB9uWm+fFRcIOgKBMiOBP+eXiyT7jsgVCq1bkVygt00oASowB7EdtpOHaaPgKt812P9ab+DDKA==

function-bind@^1.1.1:
  version "1.1.1"
  resolved "https://registry.yarnpkg.com/function-bind/-/function-bind-1.1.1.tgz#a56899d3ea3c9bab874bb9773b7c5ede92f4895d"
  integrity sha512-yIovAzMX49sF8Yl58fSCWJ5svSLuaibPxXQJFLmBObTuCr0Mf1KiPopGM9NiFjiYBCbfaa2Fh6breQ6ANVTI0A==

good-listener@^1.2.2:
  version "1.2.2"
  resolved "https://registry.yarnpkg.com/good-listener/-/good-listener-1.2.2.tgz#d53b30cdf9313dffb7dc9a0d477096aa6d145c50"
  integrity sha512-goW1b+d9q/HIwbVYZzZ6SsTr4IgE+WA44A0GmPIQstuOrgsFcT7VEJ48nmr9GaRtNu0XTKacFLGnBPAM6Afouw==
  dependencies:
    delegate "^3.1.2"

has@^1.0.3:
  version "1.0.3"
  resolved "https://registry.yarnpkg.com/has/-/has-1.0.3.tgz#722d7cbfc1f6aa8241f16dd814e011e1f41e8796"
  integrity sha512-f2dvO0VU6Oej7RkWJGrehjbzMAjFp5/VKPp5tTpWIV4JHHZK1/BxbFRtf/siA2SWTe09caDmVtYYzWEIbBS4zw==
  dependencies:
    function-bind "^1.1.1"

he@^1.2.0:
  version "1.2.0"
  resolved "https://registry.yarnpkg.com/he/-/he-1.2.0.tgz#84ae65fa7eafb165fddb61566ae14baf05664f0f"
  integrity sha512-F/1DnUGPopORZi0ni+CvrCgHQ5FyEAHRLSApuYWMmrbSwoN2Mn/7k+Gl38gJnR7yyDZk6WLXwiGod1JOWNDKGw==

highlight.js@^11.5.0:
  version "11.6.0"
  resolved "https://registry.yarnpkg.com/highlight.js/-/highlight.js-11.6.0.tgz#a50e9da05763f1bb0c1322c8f4f755242cff3f5a"
  integrity sha512-ig1eqDzJaB0pqEvlPVIpSSyMaO92bH1N2rJpLMN/nX396wTpDA4Eq0uK+7I/2XG17pFaaKE0kjV/XPeGt7Evjw==

is-core-module@^2.9.0:
  version "2.10.0"
  resolved "https://registry.yarnpkg.com/is-core-module/-/is-core-module-2.10.0.tgz#9012ede0a91c69587e647514e1d5277019e728ed"
  integrity sha512-Erxj2n/LDAZ7H8WNJXd9tw38GYM3dv8rk8Zcs+jJuxYTW7sozH+SS8NtrSjVL1/vpLvWi1hxy96IzjJ3EHTJJg==
  dependencies:
    has "^1.0.3"

lodash-es@^4.17.21:
  version "4.17.21"
  resolved "https://registry.yarnpkg.com/lodash-es/-/lodash-es-4.17.21.tgz#43e626c46e6591b7750beb2b50117390c609e3ee"
  integrity sha512-mKnC+QJ9pWVzv+C4/U3rRsHapFfHvQFoFB92e52xeyGMcX6/OlIl78je1u8vePzYZSkkogMPJ2yjxxsb89cxyw==

lodash@^4.17.21:
  version "4.17.21"
  resolved "https://registry.yarnpkg.com/lodash/-/lodash-4.17.21.tgz#679591c564c3bffaae8454cf0b3df370c3d6911c"
  integrity sha512-v2kDEe57lecTulaDIuNTPy3Ry4gLGJ6Z1O3vE1krgXZNrsQ+LFTGHVxVjcXPs17LhbZVGedAJv8XZ1tvj5FvSg==

magic-string@^0.25.7:
  version "0.25.9"
  resolved "https://registry.yarnpkg.com/magic-string/-/magic-string-0.25.9.tgz#de7f9faf91ef8a1c91d02c2e5314c8277dbcdd1c"
  integrity sha512-RmF0AsMzgt25qzqqLc1+MbHmhdx0ojF2Fvs4XnOqz2ZOBXzzkEwc/dJQZCYHAn7v1jbVOjAZfK8msRn4BxO4VQ==
  dependencies:
    sourcemap-codec "^1.4.8"

minimatch@^5.1.0:
  version "5.1.0"
  resolved "https://registry.yarnpkg.com/minimatch/-/minimatch-5.1.0.tgz#1717b464f4971b144f6aabe8f2d0b8e4511e09c7"
  integrity sha512-9TPBGGak4nHfGZsPBohm9AWg6NoT7QTCehS3BIJABslyZbzxfV78QM2Y6+i741OPZIafFAaiiEMh5OyIrJPgtg==
  dependencies:
    brace-expansion "^2.0.1"

monaco-editor@^0.34.1:
  version "0.34.1"
  resolved "https://registry.npmmirror.com/monaco-editor/-/monaco-editor-0.34.1.tgz#1b75c4ad6bc4c1f9da656d740d98e0b850a22f87"
  integrity sha512-FKc80TyiMaruhJKKPz5SpJPIjL+dflGvz4CpuThaPMc94AyN7SeC9HQ8hrvaxX7EyHdJcUY5i4D0gNyJj1vSZQ==

muggle-string@^0.1.0:
  version "0.1.0"
  resolved "https://registry.yarnpkg.com/muggle-string/-/muggle-string-0.1.0.tgz#1fda8a281c8b27bb8b70466dbc9f27586a8baa6c"
  integrity sha512-Tr1knR3d2mKvvWthlk7202rywKbiOm4rVFLsfAaSIhJ6dt9o47W4S+JMtWhd/PW9Wrdew2/S2fSvhz3E2gkfEg==

naive-ui@^2.34.2:
  version "2.34.2"
  resolved "https://registry.npmmirror.com/naive-ui/-/naive-ui-2.34.2.tgz#0dad81d2fe28178d07de344688a0c027695247bc"
  integrity sha512-JyvtVqHzS0O0DyPFFg95cJW0fp2WCEPsjXbeplkxFIfJHCgp5KC75PjnBycryegjPiZNLn9WlRDxXU5emEqRfg==
  dependencies:
    "@css-render/plugin-bem" "^0.15.10"
    "@css-render/vue3-ssr" "^0.15.10"
    "@types/katex" "^0.14.0"
    "@types/lodash" "^4.14.181"
    "@types/lodash-es" "^4.17.6"
    async-validator "^4.0.7"
    css-render "^0.15.10"
    date-fns "^2.28.0"
    date-fns-tz "^1.3.3"
    evtd "^0.2.4"
    highlight.js "^11.5.0"
    lodash "^4.17.21"
    lodash-es "^4.17.21"
    seemly "^0.3.6"
    treemate "^0.3.11"
    vdirs "^0.1.8"
    vooks "^0.2.12"
    vueuc "^0.4.47"

nanoid@^3.3.4:
  version "3.3.4"
  resolved "https://registry.yarnpkg.com/nanoid/-/nanoid-3.3.4.tgz#730b67e3cd09e2deacf03c027c81c9d9dbc5e8ab"
  integrity sha512-MqBkQh/OHTS2egovRtLk45wEyNXwF+cokD+1YPf9u5VfJiRdAiRwB2froX5Co9Rh20xs4siNPm8naNotSD6RBw==

nanoid@^4.0.0:
  version "4.0.0"
  resolved "https://registry.yarnpkg.com/nanoid/-/nanoid-4.0.0.tgz#6e144dee117609232c3f415c34b0e550e64999a5"
  integrity sha512-IgBP8piMxe/gf73RTQx7hmnhwz0aaEXYakvqZyE302IXW3HyVNhdNGC+O2MwMAVhLEnvXlvKtGbtJf6wvHihCg==

path-parse@^1.0.7:
  version "1.0.7"
  resolved "https://registry.yarnpkg.com/path-parse/-/path-parse-1.0.7.tgz#fbc114b60ca42b30d9daf5858e4bd68bbedb6735"
  integrity sha512-LDJzPVEEEPR+y48z93A0Ed0yXb8pAByGWo/k5YYdYgpY2/2EsOsksJrq7lOHxryrVOn1ejG6oAp8ahvOIQD8sw==

picocolors@^1.0.0:
  version "1.0.0"
  resolved "https://registry.yarnpkg.com/picocolors/-/picocolors-1.0.0.tgz#cb5bdc74ff3f51892236eaf79d68bc44564ab81c"
  integrity sha512-1fygroTLlHu66zi26VoTDv8yRgm0Fccecssto+MhsZ0D/DGW2sm8E8AjW7NU5VVTRt5GxbeZ5qBuJr+HyLYkjQ==

pinia@^2.0.27:
  version "2.0.27"
  resolved "https://registry.npmmirror.com/pinia/-/pinia-2.0.27.tgz#cf13a8dca2792a613c1d8bb8ef50707756e5a6ef"
  integrity sha512-nOnXP0OFeL8R4WjAHsterU+11vptda643gH02xKNtSCDPiRzVfRYodOLihLDoa0gL1KKuQKV+KOzEgdt3YvqEw==
  dependencies:
    "@vue/devtools-api" "^6.4.5"
    vue-demi "*"

postcss@^8.1.10:
  version "8.4.16"
  resolved "https://registry.yarnpkg.com/postcss/-/postcss-8.4.16.tgz#33a1d675fac39941f5f445db0de4db2b6e01d43c"
  integrity sha512-ipHE1XBvKzm5xI7hiHCZJCSugxvsdq2mPnsq5+UF+VHCjiBvtDrlxJfMBToWaP9D5XlgNmcFGqoHmUn0EYEaRQ==
  dependencies:
    nanoid "^3.3.4"
    picocolors "^1.0.0"
    source-map-js "^1.0.2"

postcss@^8.4.18:
  version "8.4.19"
  resolved "https://registry.npmmirror.com/postcss/-/postcss-8.4.19.tgz#61178e2add236b17351897c8bcc0b4c8ecab56fc"
  integrity sha512-h+pbPsyhlYj6N2ozBmHhHrs9DzGmbaarbLvWipMRO7RLS+v4onj26MPFXA5OBYFxyqYhUJK456SwDcY9H2/zsA==
  dependencies:
    nanoid "^3.3.4"
    picocolors "^1.0.0"
    source-map-js "^1.0.2"

resolve@^1.22.1:
  version "1.22.1"
  resolved "https://registry.yarnpkg.com/resolve/-/resolve-1.22.1.tgz#27cb2ebb53f91abb49470a928bba7558066ac177"
  integrity sha512-nBpuuYuY5jFsli/JIs1oldw6fOQCBioohqWZg/2hiaOybXOft4lonv85uDOKXdf8rhyK159cxU5cDcK/NKk8zw==
  dependencies:
    is-core-module "^2.9.0"
    path-parse "^1.0.7"
    supports-preserve-symlinks-flag "^1.0.0"

rollup@^2.79.1:
  version "2.79.1"
  resolved "https://registry.npmmirror.com/rollup/-/rollup-2.79.1.tgz#bedee8faef7c9f93a2647ac0108748f497f081c7"
  integrity sha512-uKxbd0IhMZOhjAiD5oAFp7BqvkA4Dv47qpOCtaNvng4HBwdbWtdOh8f5nZNuk2rp51PMGk3bzfWu5oayNEuYnw==
  optionalDependencies:
    fsevents "~2.3.2"

seemly@^0.3.6:
  version "0.3.6"
  resolved "https://registry.yarnpkg.com/seemly/-/seemly-0.3.6.tgz#7ef97e8083dea00804965e2662f572a5df9cb18e"
  integrity sha512-lEV5VB8BUKTo/AfktXJcy+JeXns26ylbMkIUco8CYREsQijuz4mrXres2Q+vMLdwkuLxJdIPQ8IlCIxLYm71Yw==

select@^1.1.2:
  version "1.1.2"
  resolved "https://registry.yarnpkg.com/select/-/select-1.1.2.tgz#0e7350acdec80b1108528786ec1d4418d11b396d"
  integrity sha512-OwpTSOfy6xSs1+pwcNrv0RBMOzI39Lp3qQKUTPVVPRjCdNa5JH/oPRiqsesIskK8TVgmRiHwO4KXlV2Li9dANA==

source-map-js@^1.0.2:
  version "1.0.2"
  resolved "https://registry.yarnpkg.com/source-map-js/-/source-map-js-1.0.2.tgz#adbc361d9c62df380125e7f161f71c826f1e490c"
  integrity sha512-R0XvVJ9WusLiqTCEiGCmICCMplcCkIwwR11mOSD9CR5u+IXYdiseeEuXCVAjS54zqwkLcPNnmU4OeJ6tUrWhDw==

source-map@0.6.1, source-map@^0.6.1:
  version "0.6.1"
  resolved "https://registry.yarnpkg.com/source-map/-/source-map-0.6.1.tgz#74722af32e9614e9c287a8d0bbde48b5e2f1a263"
  integrity sha512-UjgapumWlbMhkBgzT7Ykc5YXUT46F0iKu8SGXq0bcwP5dz/h0Plj6enJqjz1Zbq2l5WaqYnrVbwWOWMyF3F47g==

sourcemap-codec@^1.4.8:
  version "1.4.8"
  resolved "https://registry.yarnpkg.com/sourcemap-codec/-/sourcemap-codec-1.4.8.tgz#ea804bd94857402e6992d05a38ef1ae35a9ab4c4"
  integrity sha512-9NykojV5Uih4lgo5So5dtw+f0JgJX30KCNI8gwhz2J9A15wD0Ml6tjHKwf6fTSa6fAdVBdZeNOs9eJ71qCk8vA==

supports-preserve-symlinks-flag@^1.0.0:
  version "1.0.0"
  resolved "https://registry.yarnpkg.com/supports-preserve-symlinks-flag/-/supports-preserve-symlinks-flag-1.0.0.tgz#6eda4bd344a3c94aea376d4cc31bc77311039e09"
  integrity sha512-ot0WnXS9fgdkgIcePe6RHNk1WA8+muPa6cSjeR3V8K27q9BB1rTE3R1p7Hv0z1ZyAc8s6Vvv8DIyWf681MAt0w==

tiny-emitter@^2.0.0:
  version "2.1.0"
  resolved "https://registry.yarnpkg.com/tiny-emitter/-/tiny-emitter-2.1.0.tgz#1d1a56edfc51c43e863cbb5382a72330e3555423"
  integrity sha512-NB6Dk1A9xgQPMoGqC5CVXn123gWyte215ONT5Pp5a0yt4nlEoO1ZWeCwpncaekPHXO60i47ihFnZPiRPjRMq4Q==

treemate@^0.3.11:
  version "0.3.11"
  resolved "https://registry.yarnpkg.com/treemate/-/treemate-0.3.11.tgz#7d52f8f69ab9ce326f8d139e0a3d1ffb25e48222"
  integrity sha512-M8RGFoKtZ8dF+iwJfAJTOH/SM4KluKOKRJpjCMhI8bG3qB74zrFoArKZ62ll0Fr3mqkMJiQOmWYkdYgDeITYQg==

typescript@^4.9.3:
  version "4.9.3"
  resolved "https://registry.npmmirror.com/typescript/-/typescript-4.9.3.tgz#3aea307c1746b8c384435d8ac36b8a2e580d85db"
  integrity sha512-CIfGzTelbKNEnLpLdGFgdyKhG23CKdKgQPOBc+OUNrkJ2vr+KSzsSV5kq5iWhEQbok+quxgGzrAtGWCyU7tHnA==

vdirs@^0.1.4, vdirs@^0.1.8:
  version "0.1.8"
  resolved "https://registry.yarnpkg.com/vdirs/-/vdirs-0.1.8.tgz#a103bc43baca738f8dea912a7e9737154a19dbc2"
  integrity sha512-H9V1zGRLQZg9b+GdMk8MXDN2Lva0zx72MPahDKc30v+DtwKjfyOSXWRIX4t2mhDubM1H09gPhWeth/BJWPHGUw==
  dependencies:
    evtd "^0.2.2"

vfonts@^0.0.3:
  version "0.0.3"
  resolved "https://registry.yarnpkg.com/vfonts/-/vfonts-0.0.3.tgz#999d66fecea18efee3f2b966c81101ae8ce01a29"
  integrity sha512-nguyw8L6Un8eelg1vQ31vIU2ESxqid7EYmy8V+MDeMaHBqaRSkg3dTBToC1PR00D89UzS/SLkfYPnx0Wf23IQQ==

vite-plugin-monaco-editor@^1.1.0:
  version "1.1.0"
  resolved "https://registry.yarnpkg.com/vite-plugin-monaco-editor/-/vite-plugin-monaco-editor-1.1.0.tgz#a6238c2e13d5e98dd54a1bc51f6f189325219de3"
  integrity sha512-IvtUqZotrRoVqwT0PBBDIZPNraya3BxN/bfcNfnxZ5rkJiGcNtO5eAOWWSgT7zullIAEqQwxMU83yL9J5k7gww==

vite@^3.2.4:
  version "3.2.4"
  resolved "https://registry.npmmirror.com/vite/-/vite-3.2.4.tgz#d8c7892dd4268064e04fffbe7d866207dd24166e"
  integrity sha512-Z2X6SRAffOUYTa+sLy3NQ7nlHFU100xwanq1WDwqaiFiCe+25zdxP1TfCS5ojPV2oDDcXudHIoPnI1Z/66B7Yw==
  dependencies:
    esbuild "^0.15.9"
    postcss "^8.4.18"
    resolve "^1.22.1"
    rollup "^2.79.1"
  optionalDependencies:
    fsevents "~2.3.2"

vooks@^0.2.12, vooks@^0.2.4:
  version "0.2.12"
  resolved "https://registry.yarnpkg.com/vooks/-/vooks-0.2.12.tgz#2b6e23330b77bac81c7f7a344c4ca3e9f4f6c373"
  integrity sha512-iox0I3RZzxtKlcgYaStQYKEzWWGAduMmq+jS7OrNdQo1FgGfPMubGL3uGHOU9n97NIvfFDBGnpSvkWyb/NSn/Q==
  dependencies:
    evtd "^0.2.2"

vue-clipboard3@^2.0.0:
  version "2.0.0"
  resolved "https://registry.yarnpkg.com/vue-clipboard3/-/vue-clipboard3-2.0.0.tgz#79b026c765c0f6a5cde18a477c2dbfc7d3b9f178"
  integrity sha512-Q9S7dzWGax7LN5iiSPcu/K1GGm2gcBBlYwmMsUc5/16N6w90cbKow3FnPmPs95sungns4yvd9/+JhbAznECS2A==
  dependencies:
    clipboard "^2.0.6"

vue-demi@*:
  version "0.13.11"
  resolved "https://registry.yarnpkg.com/vue-demi/-/vue-demi-0.13.11.tgz#7d90369bdae8974d87b1973564ad390182410d99"
  integrity sha512-IR8HoEEGM65YY3ZJYAjMlKygDQn25D5ajNFNoKh9RSDMQtlzCxtfQjdQgv9jjK+m3377SsJXY8ysq8kLCZL25A==

vue-i18n@^9.2.2:
  version "9.2.2"
  resolved "https://registry.yarnpkg.com/vue-i18n/-/vue-i18n-9.2.2.tgz#aeb49d9424923c77e0d6441e3f21dafcecd0e666"
  integrity sha512-yswpwtj89rTBhegUAv9Mu37LNznyu3NpyLQmozF3i1hYOhwpG8RjcjIFIIfnu+2MDZJGSZPXaKWvnQA71Yv9TQ==
  dependencies:
    "@intlify/core-base" "9.2.2"
    "@intlify/shared" "9.2.2"
    "@intlify/vue-devtools" "9.2.2"
    "@vue/devtools-api" "^6.2.1"

vue-template-compiler@^2.7.14:
  version "2.7.14"
  resolved "https://registry.npmmirror.com/vue-template-compiler/-/vue-template-compiler-2.7.14.tgz#4545b7dfb88090744c1577ae5ac3f964e61634b1"
  integrity sha512-zyA5Y3ArvVG0NacJDkkzJuPQDF8RFeRlzV2vLeSnhSpieO6LK2OVbdLPi5MPPs09Ii+gMO8nY4S3iKQxBxDmWQ==
  dependencies:
    de-indent "^1.0.2"
    he "^1.2.0"

vue-tsc@^1.0.11:
  version "1.0.11"
  resolved "https://registry.npmmirror.com/vue-tsc/-/vue-tsc-1.0.11.tgz#b4d1a74dbdef79c0458839abf27c717f969a2e67"
  integrity sha512-lj+6dEroPsE4wmQOPtjCzAf8x363Km5/tuEvMEoQaoRnzs9myBM46FNvCGIIPStYUGuaqF1W1bORmP2KDQEORA==
  dependencies:
    "@volar/vue-language-core" "1.0.11"
    "@volar/vue-typescript" "1.0.11"

vue@^3.2.45:
  version "3.2.45"
  resolved "https://registry.npmmirror.com/vue/-/vue-3.2.45.tgz#94a116784447eb7dbd892167784619fef379b3c8"
  integrity sha512-9Nx/Mg2b2xWlXykmCwiTUCWHbWIj53bnkizBxKai1g61f2Xit700A1ljowpTIM11e3uipOeiPcSqnmBg6gyiaA==
  dependencies:
    "@vue/compiler-dom" "3.2.45"
    "@vue/compiler-sfc" "3.2.45"
    "@vue/runtime-dom" "3.2.45"
    "@vue/server-renderer" "3.2.45"
    "@vue/shared" "3.2.45"

vueuc@^0.4.47:
  version "0.4.48"
  resolved "https://registry.yarnpkg.com/vueuc/-/vueuc-0.4.48.tgz#892994f3c773ca03ed9a3b07192e074bd2e3da48"
  integrity sha512-dQTBLxCzfaPuzD3c4/dIxAULtnyY+xwdotCRFUDgf0DJiwuR3tI+txJ9K8uJKmaHwc1JDUVqhRAj9Jd/pvInWg==
  dependencies:
    "@css-render/vue3-ssr" "^0.15.10"
    "@juggle/resize-observer" "^3.3.1"
    css-render "^0.15.10"
    evtd "^0.2.4"
    seemly "^0.3.6"
    vdirs "^0.1.4"
    vooks "^0.2.4"
